{
  "requires": true,
  "lockfileVersion": 1,
  "dependencies": {
    "@std/esm": {
      "version": "0.7.0",
      "resolved": "https://registry.npmjs.org/@std/esm/-/esm-0.7.0.tgz",
      "integrity": "sha512-LpCzmcNTUujiXo6+Rii0cgMeQfX/esg8GhQAD7ZSlT+rghVzp1OdzhUSGdq/ClSWDOZxLpC1FVh2ffGlh9HDww=="
    }
  }
}
